
Microsoft Visual Studio Solution File, Format Version 12.00
# Visual Studio 15
VisualStudioVersion = 15.0.28307.421
MinimumVisualStudioVersion = 10.0.40219.1
Project("{8BC9CEB8-8B4A-11D0-8D11-00A0C91BC942}") = "Day01", "Day01\Day01.vcxproj", "{85CEC464-3F98-4A40-83D1-7CBE3E959EF4}"
EndProject
Project("{8BC9CEB8-8B4A-11D0-8D11-00A0C91BC942}") = "Day02", "Day02\Day02.vcxproj", "{B3D3DC34-F20E-4BC2-8894-6A181675D928}"
EndProject
Project("{8BC9CEB8-8B4A-11D0-8D11-00A0C91BC942}") = "Day03", "Day03\Day03.vcxproj", "{2512A855-CE71-476A-8C26-ECD4C4583071}"
EndProject
Project("{8BC9CEB8-8B4A-11D0-8D11-00A0C91BC942}") = "Day04", "Day04\Day04.vcxproj", "{4D53B372-8F3E-4346-A58E-61412689FACB}"
EndProject
Project("{8BC9CEB8-8B4A-11D0-8D11-00A0C91BC942}") = "Day05", "Day05\Day05.vcxproj", "{AB7DCCE2-063A-4ACB-BDA0-4C6958A82808}"
EndProject
Global
	GlobalSection(SolutionConfigurationPlatforms) = preSolution
		Debug|x64 = Debug|x64
		Debug|x86 = Debug|x86
		Release|x64 = Release|x64
		Release|x86 = Release|x86
	EndGlobalSection
	GlobalSection(ProjectConfigurationPlatforms) = postSolution
		{85CEC464-3F98-4A40-83D1-7CBE3E959EF4}.Debug|x64.ActiveCfg = Debug|x64
		{85CEC464-3F98-4A40-83D1-7CBE3E959EF4}.Debug|x64.Build.0 = Debug|x64
		{85CEC464-3F98-4A40-83D1-7CBE3E959EF4}.Debug|x86.ActiveCfg = Debug|Win32
		{85CEC464-3F98-4A40-83D1-7CBE3E959EF4}.Debug|x86.Build.0 = Debug|Win32
		{85CEC464-3F98-4A40-83D1-7CBE3E959EF4}.Release|x64.ActiveCfg = Release|x64
		{85CEC464-3F98-4A40-83D1-7CBE3E959EF4}.Release|x64.Build.0 = Release|x64
		{85CEC464-3F98-4A40-83D1-7CBE3E959EF4}.Release|x86.ActiveCfg = Release|Win32
		{85CEC464-3F98-4A40-83D1-7CBE3E959EF4}.Release|x86.Build.0 = Release|Win32
		{B3D3DC34-F20E-4BC2-8894-6A181675D928}.Debug|x64.ActiveCfg = Debug|x64
		{B3D3DC34-F20E-4BC2-8894-6A181675D928}.Debug|x64.Build.0 = Debug|x64
		{B3D3DC34-F20E-4BC2-8894-6A181675D928}.Debug|x86.ActiveCfg = Debug|Win32
		{B3D3DC34-F20E-4BC2-8894-6A181675D928}.Debug|x86.Build.0 = Debug|Win32
		{B3D3DC34-F20E-4BC2-8894-6A181675D928}.Release|x64.ActiveCfg = Release|x64
		{B3D3DC34-F20E-4BC2-8894-6A181675D928}.Release|x64.Build.0 = Release|x64
		{B3D3DC34-F20E-4BC2-8894-6A181675D928}.Release|x86.ActiveCfg = Release|Win32
		{B3D3DC34-F20E-4BC2-8894-6A181675D928}.Release|x86.Build.0 = Release|Win32
		{2512A855-CE71-476A-8C26-ECD4C4583071}.Debug|x64.ActiveCfg = Debug|x64
		{2512A855-CE71-476A-8C26-ECD4C4583071}.Debug|x64.Build.0 = Debug|x64
		{2512A855-CE71-476A-8C26-ECD4C4583071}.Debug|x86.ActiveCfg = Debug|Win32
		{2512A855-CE71-476A-8C26-ECD4C4583071}.Debug|x86.Build.0 = Debug|Win32
		{2512A855-CE71-476A-8C26-ECD4C4583071}.Release|x64.ActiveCfg = Release|x64
		{2512A855-CE71-476A-8C26-ECD4C4583071}.Release|x64.Build.0 = Release|x64
		{2512A855-CE71-476A-8C26-ECD4C4583071}.Release|x86.ActiveCfg = Release|Win32
		{2512A855-CE71-476A-8C26-ECD4C4583071}.Release|x86.Build.0 = Release|Win32
		{4D53B372-8F3E-4346-A58E-61412689FACB}.Debug|x64.ActiveCfg = Debug|x64
		{4D53B372-8F3E-4346-A58E-61412689FACB}.Debug|x64.Build.0 = Debug|x64
		{4D53B372-8F3E-4346-A58E-61412689FACB}.Debug|x86.ActiveCfg = Debug|Win32
		{4D53B372-8F3E-4346-A58E-61412689FACB}.Debug|x86.Build.0 = Debug|Win32
		{4D53B372-8F3E-4346-A58E-61412689FACB}.Release|x64.ActiveCfg = Release|x64
		{4D53B372-8F3E-4346-A58E-61412689FACB}.Release|x64.Build.0 = Release|x64
		{4D53B372-8F3E-4346-A58E-61412689FACB}.Release|x86.ActiveCfg = Release|Win32
		{4D53B372-8F3E-4346-A58E-61412689FACB}.Release|x86.Build.0 = Release|Win32
		{AB7DCCE2-063A-4ACB-BDA0-4C6958A82808}.Debug|x64.ActiveCfg = Debug|x64
		{AB7DCCE2-063A-4ACB-BDA0-4C6958A82808}.Debug|x64.Build.0 = Debug|x64
		{AB7DCCE2-063A-4ACB-BDA0-4C6958A82808}.Debug|x86.ActiveCfg = Debug|Win32
		{AB7DCCE2-063A-4ACB-BDA0-4C6958A82808}.Debug|x86.Build.0 = Debug|Win32
		{AB7DCCE2-063A-4ACB-BDA0-4C6958A82808}.Release|x64.ActiveCfg = Release|x64
		{AB7DCCE2-063A-4ACB-BDA0-4C6958A82808}.Release|x64.Build.0 = Release|x64
		{AB7DCCE2-063A-4ACB-BDA0-4C6958A82808}.Release|x86.ActiveCfg = Release|Win32
		{AB7DCCE2-063A-4ACB-BDA0-4C6958A82808}.Release|x86.Build.0 = Release|Win32
	EndGlobalSection
	GlobalSection(SolutionProperties) = preSolution
		HideSolutionNode = FALSE
	EndGlobalSection
	GlobalSection(ExtensibilityGlobals) = postSolution
		SolutionGuid = {467E1F16-D3E0-4D45-B2AB-C4DFFB157392}
	EndGlobalSection
EndGlobal
